Microsoft Visual Studio Solution File, Format Version 12.00
# Visual Studio Version 17
VisualStudioVersion = 17.5.2.0
MinimumVisualStudioVersion = 10.0.40219.1
Project("{FAE04EC0-301F-11D3-BF4B-00C04F79EFBC}") = "Buoi_6", "Buoi_6.csproj", "{2E08D205-7E39-A611-760C-DE50BF8A55DD}"
EndProject
Global
	GlobalSection(SolutionConfigurationPlatforms) = preSolution
		Debug|Any CPU = Debug|Any CPU
		Release|Any CPU = Release|Any CPU
	EndGlobalSection
	GlobalSection(ProjectConfigurationPlatforms) = postSolution
		{2E08D205-7E39-A611-760C-DE50BF8A55DD}.Debug|Any CPU.ActiveCfg = Debug|Any CPU
		{2E08D205-7E39-A611-760C-DE50BF8A55DD}.Debug|Any CPU.Build.0 = Debug|Any CPU
		{2E08D205-7E39-A611-760C-DE50BF8A55DD}.Release|Any CPU.ActiveCfg = Release|Any CPU
		{2E08D205-7E39-A611-760C-DE50BF8A55DD}.Release|Any CPU.Build.0 = Release|Any CPU
	EndGlobalSection
	GlobalSection(SolutionProperties) = preSolution
		HideSolutionNode = FALSE
	EndGlobalSection
	GlobalSection(ExtensibilityGlobals) = postSolution
		SolutionGuid = {B031520C-90B7-4927-832C-64CE82EB98AA}
	EndGlobalSection
EndGlobal
