Microsoft Visual Studio Solution File, Format Version 12.00
# Visual Studio Version 17
VisualStudioVersion = 17.5.2.0
MinimumVisualStudioVersion = 10.0.40219.1
Project("{FAE04EC0-301F-11D3-BF4B-00C04F79EFBC}") = "Buoi_5", "Buoi_5.csproj", "{0A6DD4E9-493B-CB13-7F15-8CC3371180CA}"
EndProject
Global
	GlobalSection(SolutionConfigurationPlatforms) = preSolution
		Debug|Any CPU = Debug|Any CPU
		Release|Any CPU = Release|Any CPU
	EndGlobalSection
	GlobalSection(ProjectConfigurationPlatforms) = postSolution
		{0A6DD4E9-493B-CB13-7F15-8CC3371180CA}.Debug|Any CPU.ActiveCfg = Debug|Any CPU
		{0A6DD4E9-493B-CB13-7F15-8CC3371180CA}.Debug|Any CPU.Build.0 = Debug|Any CPU
		{0A6DD4E9-493B-CB13-7F15-8CC3371180CA}.Release|Any CPU.ActiveCfg = Release|Any CPU
		{0A6DD4E9-493B-CB13-7F15-8CC3371180CA}.Release|Any CPU.Build.0 = Release|Any CPU
	EndGlobalSection
	GlobalSection(SolutionProperties) = preSolution
		HideSolutionNode = FALSE
	EndGlobalSection
	GlobalSection(ExtensibilityGlobals) = postSolution
		SolutionGuid = {AB5CBBC1-875E-4E87-97A2-D38C2AF0138A}
	EndGlobalSection
EndGlobal
